
Microsoft Visual Studio Solution File, Format Version 12.00
# Visual Studio 14
VisualStudioVersion = 14.0.25420.1
MinimumVisualStudioVersion = 10.0.40219.1
Project("{2150E333-8FDC-42A3-9474-1A3956D46DE8}") = "src", "src", "{6601156C-B5AD-463B-B659-2B47B6E1076E}"
EndProject
Project("{2150E333-8FDC-42A3-9474-1A3956D46DE8}") = "Solution Items", "Solution Items", "{F13B5E38-A914-44B8-BD50-682F3907ED10}"
	ProjectSection(SolutionItems) = preProject
		global.json = global.json
	EndProjectSection
EndProject
Project("{8BB2217D-0F2D-49D1-97BC-3654ED321F3B}") = "UI", "src\UI\UI.xproj", "{1366B8C0-142C-4DEA-9D7D-B10CD43D69FF}"
EndProject
Project("{8BB2217D-0F2D-49D1-97BC-3654ED321F3B}") = "RestServices", "src\RestServices\RestServices.xproj", "{7DF04412-465D-470A-82B5-2B32C262676D}"
EndProject
Project("{8BB2217D-0F2D-49D1-97BC-3654ED321F3B}") = "BusinessLogicTests", "test\BusinessLogicTests\BusinessLogicTests.xproj", "{EB4D6107-3861-45F9-B55C-99632BB4EA11}"
EndProject
Project("{2150E333-8FDC-42A3-9474-1A3956D46DE8}") = "test", "test", "{B8BCB3EB-E1E5-4377-89E5-638BF926E525}"
EndProject
Project("{8BB2217D-0F2D-49D1-97BC-3654ED321F3B}") = "UITests", "test\UITests\UITests.xproj", "{5CE589B4-178C-4539-BA8B-2A38C3853221}"
EndProject
Project("{8BB2217D-0F2D-49D1-97BC-3654ED321F3B}") = "DataAccess", "src\DataAccess\DataAccess.xproj", "{BEE4547F-E7B3-4BCA-83E6-11376219E8AE}"
EndProject
Project("{8BB2217D-0F2D-49D1-97BC-3654ED321F3B}") = "BusinessLogic", "src\BusinessLogic\BusinessLogic.xproj", "{03E1FA23-803C-411E-9C31-A5A87E80279B}"
EndProject
Project("{8BB2217D-0F2D-49D1-97BC-3654ED321F3B}") = "RestServicesTests", "test\RestServicesTests\RestServicesTests.xproj", "{7237C9F1-31AF-46C2-94B7-F4A4E64EC62E}"
EndProject
Project("{8BB2217D-0F2D-49D1-97BC-3654ED321F3B}") = "DataAccessTests", "test\DataAccessTests\DataAccessTests.xproj", "{110D2EA8-FA64-477D-8E05-B868974ECDC2}"
EndProject
Global
	GlobalSection(SolutionConfigurationPlatforms) = preSolution
		Debug|Any CPU = Debug|Any CPU
		Release|Any CPU = Release|Any CPU
	EndGlobalSection
	GlobalSection(ProjectConfigurationPlatforms) = postSolution
		{1366B8C0-142C-4DEA-9D7D-B10CD43D69FF}.Debug|Any CPU.ActiveCfg = Debug|Any CPU
		{1366B8C0-142C-4DEA-9D7D-B10CD43D69FF}.Debug|Any CPU.Build.0 = Debug|Any CPU
		{1366B8C0-142C-4DEA-9D7D-B10CD43D69FF}.Release|Any CPU.ActiveCfg = Release|Any CPU
		{1366B8C0-142C-4DEA-9D7D-B10CD43D69FF}.Release|Any CPU.Build.0 = Release|Any CPU
		{7DF04412-465D-470A-82B5-2B32C262676D}.Debug|Any CPU.ActiveCfg = Debug|Any CPU
		{7DF04412-465D-470A-82B5-2B32C262676D}.Debug|Any CPU.Build.0 = Debug|Any CPU
		{7DF04412-465D-470A-82B5-2B32C262676D}.Release|Any CPU.ActiveCfg = Release|Any CPU
		{7DF04412-465D-470A-82B5-2B32C262676D}.Release|Any CPU.Build.0 = Release|Any CPU
		{EB4D6107-3861-45F9-B55C-99632BB4EA11}.Debug|Any CPU.ActiveCfg = Debug|Any CPU
		{EB4D6107-3861-45F9-B55C-99632BB4EA11}.Debug|Any CPU.Build.0 = Debug|Any CPU
		{EB4D6107-3861-45F9-B55C-99632BB4EA11}.Release|Any CPU.ActiveCfg = Release|Any CPU
		{EB4D6107-3861-45F9-B55C-99632BB4EA11}.Release|Any CPU.Build.0 = Release|Any CPU
		{5CE589B4-178C-4539-BA8B-2A38C3853221}.Debug|Any CPU.ActiveCfg = Debug|Any CPU
		{5CE589B4-178C-4539-BA8B-2A38C3853221}.Debug|Any CPU.Build.0 = Debug|Any CPU
		{5CE589B4-178C-4539-BA8B-2A38C3853221}.Release|Any CPU.ActiveCfg = Release|Any CPU
		{5CE589B4-178C-4539-BA8B-2A38C3853221}.Release|Any CPU.Build.0 = Release|Any CPU
		{BEE4547F-E7B3-4BCA-83E6-11376219E8AE}.Debug|Any CPU.ActiveCfg = Debug|Any CPU
		{BEE4547F-E7B3-4BCA-83E6-11376219E8AE}.Debug|Any CPU.Build.0 = Debug|Any CPU
		{BEE4547F-E7B3-4BCA-83E6-11376219E8AE}.Release|Any CPU.ActiveCfg = Release|Any CPU
		{BEE4547F-E7B3-4BCA-83E6-11376219E8AE}.Release|Any CPU.Build.0 = Release|Any CPU
		{03E1FA23-803C-411E-9C31-A5A87E80279B}.Debug|Any CPU.ActiveCfg = Debug|Any CPU
		{03E1FA23-803C-411E-9C31-A5A87E80279B}.Debug|Any CPU.Build.0 = Debug|Any CPU
		{03E1FA23-803C-411E-9C31-A5A87E80279B}.Release|Any CPU.ActiveCfg = Release|Any CPU
		{03E1FA23-803C-411E-9C31-A5A87E80279B}.Release|Any CPU.Build.0 = Release|Any CPU
		{7237C9F1-31AF-46C2-94B7-F4A4E64EC62E}.Debug|Any CPU.ActiveCfg = Debug|Any CPU
		{7237C9F1-31AF-46C2-94B7-F4A4E64EC62E}.Debug|Any CPU.Build.0 = Debug|Any CPU
		{7237C9F1-31AF-46C2-94B7-F4A4E64EC62E}.Release|Any CPU.ActiveCfg = Release|Any CPU
		{7237C9F1-31AF-46C2-94B7-F4A4E64EC62E}.Release|Any CPU.Build.0 = Release|Any CPU
		{110D2EA8-FA64-477D-8E05-B868974ECDC2}.Debug|Any CPU.ActiveCfg = Debug|Any CPU
		{110D2EA8-FA64-477D-8E05-B868974ECDC2}.Debug|Any CPU.Build.0 = Debug|Any CPU
		{110D2EA8-FA64-477D-8E05-B868974ECDC2}.Release|Any CPU.ActiveCfg = Release|Any CPU
		{110D2EA8-FA64-477D-8E05-B868974ECDC2}.Release|Any CPU.Build.0 = Release|Any CPU
	EndGlobalSection
	GlobalSection(SolutionProperties) = preSolution
		HideSolutionNode = FALSE
	EndGlobalSection
	GlobalSection(NestedProjects) = preSolution
		{1366B8C0-142C-4DEA-9D7D-B10CD43D69FF} = {6601156C-B5AD-463B-B659-2B47B6E1076E}
		{7DF04412-465D-470A-82B5-2B32C262676D} = {6601156C-B5AD-463B-B659-2B47B6E1076E}
		{EB4D6107-3861-45F9-B55C-99632BB4EA11} = {B8BCB3EB-E1E5-4377-89E5-638BF926E525}
		{5CE589B4-178C-4539-BA8B-2A38C3853221} = {B8BCB3EB-E1E5-4377-89E5-638BF926E525}
		{BEE4547F-E7B3-4BCA-83E6-11376219E8AE} = {6601156C-B5AD-463B-B659-2B47B6E1076E}
		{03E1FA23-803C-411E-9C31-A5A87E80279B} = {6601156C-B5AD-463B-B659-2B47B6E1076E}
		{7237C9F1-31AF-46C2-94B7-F4A4E64EC62E} = {B8BCB3EB-E1E5-4377-89E5-638BF926E525}
		{110D2EA8-FA64-477D-8E05-B868974ECDC2} = {B8BCB3EB-E1E5-4377-89E5-638BF926E525}
	EndGlobalSection
EndGlobal
